// !$*UTF8*$!
{
	archiveVersion = 1;
	classes = {
	};
	objectVersion = 56;
	objects = {

/* Begin PBXBuildFile section */
		95C57BE12A15F535003BB217 /* UIViewController+Extension.swift in Sources */ = {isa = PBXBuildFile; fileRef = 95C57BE02A15F535003BB217 /* UIViewController+Extension.swift */; };
		95C57BE72A160883003BB217 /* LoadingHeaderFooterView.swift in Sources */ = {isa = PBXBuildFile; fileRef = 95C57BE62A160883003BB217 /* LoadingHeaderFooterView.swift */; };
		95DB60842A0A26D2002A43B2 /* AppDelegate.swift in Sources */ = {isa = PBXBuildFile; fileRef = 95DB60832A0A26D2002A43B2 /* AppDelegate.swift */; };
		95DB60862A0A26D2002A43B2 /* SceneDelegate.swift in Sources */ = {isa = PBXBuildFile; fileRef = 95DB60852A0A26D2002A43B2 /* SceneDelegate.swift */; };
		95DB60882A0A26D2002A43B2 /* ListCompaniesView.swift in Sources */ = {isa = PBXBuildFile; fileRef = 95DB60872A0A26D2002A43B2 /* ListCompaniesView.swift */; };
		95DB608B2A0A26D2002A43B2 /* Main.storyboard in Resources */ = {isa = PBXBuildFile; fileRef = 95DB60892A0A26D2002A43B2 /* Main.storyboard */; };
		95DB608D2A0A26D3002A43B2 /* Assets.xcassets in Resources */ = {isa = PBXBuildFile; fileRef = 95DB608C2A0A26D3002A43B2 /* Assets.xcassets */; };
		95DB60902A0A26D3002A43B2 /* LaunchScreen.storyboard in Resources */ = {isa = PBXBuildFile; fileRef = 95DB608E2A0A26D3002A43B2 /* LaunchScreen.storyboard */; };
		95DB609C2A0A2859002A43B2 /* APIManager.swift in Sources */ = {isa = PBXBuildFile; fileRef = 95DB609B2A0A2859002A43B2 /* APIManager.swift */; };
		95DB609E2A0A286A002A43B2 /* NetworkFetcher.swift in Sources */ = {isa = PBXBuildFile; fileRef = 95DB609D2A0A286A002A43B2 /* NetworkFetcher.swift */; };
		95DB60A12A0A3447002A43B2 /* HTTPMethod.swift in Sources */ = {isa = PBXBuildFile; fileRef = 95DB60A02A0A3447002A43B2 /* HTTPMethod.swift */; };
		95DB60A52A0A5897002A43B2 /* NetworkError.swift in Sources */ = {isa = PBXBuildFile; fileRef = 95DB60A42A0A5897002A43B2 /* NetworkError.swift */; };
		95DB60A82A0A7010002A43B2 /* CompanyCard.swift in Sources */ = {isa = PBXBuildFile; fileRef = 95DB60A72A0A7010002A43B2 /* CompanyCard.swift */; };
		95DB60AB2A0BB400002A43B2 /* CardCell.swift in Sources */ = {isa = PBXBuildFile; fileRef = 95DB60AA2A0BB400002A43B2 /* CardCell.swift */; };
		95DB60AD2A0BB42B002A43B2 /* UITableViewCell+Extension.swift in Sources */ = {isa = PBXBuildFile; fileRef = 95DB60AC2A0BB42B002A43B2 /* UITableViewCell+Extension.swift */; };
		95DB60AF2A0BB897002A43B2 /* ListCompaniesPresenter.swift in Sources */ = {isa = PBXBuildFile; fileRef = 95DB60AE2A0BB897002A43B2 /* ListCompaniesPresenter.swift */; };
		95DB60B12A0BCD31002A43B2 /* TitleView.swift in Sources */ = {isa = PBXBuildFile; fileRef = 95DB60B02A0BCD31002A43B2 /* TitleView.swift */; };
		95DB60B32A0BCD51002A43B2 /* LoyaltyView.swift in Sources */ = {isa = PBXBuildFile; fileRef = 95DB60B22A0BCD51002A43B2 /* LoyaltyView.swift */; };
		95DB60B52A0BCDCB002A43B2 /* ActionView.swift in Sources */ = {isa = PBXBuildFile; fileRef = 95DB60B42A0BCDCB002A43B2 /* ActionView.swift */; };
		95DB60B82A0BCFB7002A43B2 /* Layout.swift in Sources */ = {isa = PBXBuildFile; fileRef = 95DB60B72A0BCFB7002A43B2 /* Layout.swift */; };
		95DB60BA2A0CD9EF002A43B2 /* Font.swift in Sources */ = {isa = PBXBuildFile; fileRef = 95DB60B92A0CD9EF002A43B2 /* Font.swift */; };
		95DB60BC2A0CE9CA002A43B2 /* AssetName.swift in Sources */ = {isa = PBXBuildFile; fileRef = 95DB60BB2A0CE9CA002A43B2 /* AssetName.swift */; };
		95DB60BE2A0D15CC002A43B2 /* UIView+Extension.swift in Sources */ = {isa = PBXBuildFile; fileRef = 95DB60BD2A0D15CC002A43B2 /* UIView+Extension.swift */; };
		95DB60C12A0E097F002A43B2 /* ImageLoader.swift in Sources */ = {isa = PBXBuildFile; fileRef = 95DB60C02A0E097F002A43B2 /* ImageLoader.swift */; };
		95DB60C42A0E1FA5002A43B2 /* ModuleBuilder.swift in Sources */ = {isa = PBXBuildFile; fileRef = 95DB60C32A0E1FA5002A43B2 /* ModuleBuilder.swift */; };
		95DB60C62A0E3F8D002A43B2 /* String+Extension.swift in Sources */ = {isa = PBXBuildFile; fileRef = 95DB60C52A0E3F8D002A43B2 /* String+Extension.swift */; };
		95F438172A10F19F006F3EC2 /* ErrorModel.swift in Sources */ = {isa = PBXBuildFile; fileRef = 95F438162A10F19F006F3EC2 /* ErrorModel.swift */; };
/* End PBXBuildFile section */

/* Begin PBXFileReference section */
		95C57BE02A15F535003BB217 /* UIViewController+Extension.swift */ = {isa = PBXFileReference; lastKnownFileType = sourcecode.swift; path = "UIViewController+Extension.swift"; sourceTree = "<group>"; };
		95C57BE62A160883003BB217 /* LoadingHeaderFooterView.swift */ = {isa = PBXFileReference; lastKnownFileType = sourcecode.swift; path = LoadingHeaderFooterView.swift; sourceTree = "<group>"; };
		95DB60802A0A26D2002A43B2 /* MobintTestTask.app */ = {isa = PBXFileReference; explicitFileType = wrapper.application; includeInIndex = 0; path = MobintTestTask.app; sourceTree = BUILT_PRODUCTS_DIR; };
		95DB60832A0A26D2002A43B2 /* AppDelegate.swift */ = {isa = PBXFileReference; lastKnownFileType = sourcecode.swift; path = AppDelegate.swift; sourceTree = "<group>"; };
		95DB60852A0A26D2002A43B2 /* SceneDelegate.swift */ = {isa = PBXFileReference; lastKnownFileType = sourcecode.swift; path = SceneDelegate.swift; sourceTree = "<group>"; };
		95DB60872A0A26D2002A43B2 /* ListCompaniesView.swift */ = {isa = PBXFileReference; lastKnownFileType = sourcecode.swift; path = ListCompaniesView.swift; sourceTree = "<group>"; };
		95DB608A2A0A26D2002A43B2 /* Base */ = {isa = PBXFileReference; lastKnownFileType = file.storyboard; name = Base; path = Base.lproj/Main.storyboard; sourceTree = "<group>"; };
		95DB608C2A0A26D3002A43B2 /* Assets.xcassets */ = {isa = PBXFileReference; lastKnownFileType = folder.assetcatalog; path = Assets.xcassets; sourceTree = "<group>"; };
		95DB608F2A0A26D3002A43B2 /* Base */ = {isa = PBXFileReference; lastKnownFileType = file.storyboard; name = Base; path = Base.lproj/LaunchScreen.storyboard; sourceTree = "<group>"; };
		95DB60912A0A26D3002A43B2 /* Info.plist */ = {isa = PBXFileReference; lastKnownFileType = text.plist.xml; path = Info.plist; sourceTree = "<group>"; };
		95DB609B2A0A2859002A43B2 /* APIManager.swift */ = {isa = PBXFileReference; lastKnownFileType = sourcecode.swift; path = APIManager.swift; sourceTree = "<group>"; };
		95DB609D2A0A286A002A43B2 /* NetworkFetcher.swift */ = {isa = PBXFileReference; lastKnownFileType = sourcecode.swift; path = NetworkFetcher.swift; sourceTree = "<group>"; };
		95DB60A02A0A3447002A43B2 /* HTTPMethod.swift */ = {isa = PBXFileReference; lastKnownFileType = sourcecode.swift; path = HTTPMethod.swift; sourceTree = "<group>"; };
		95DB60A42A0A5897002A43B2 /* NetworkError.swift */ = {isa = PBXFileReference; lastKnownFileType = sourcecode.swift; path = NetworkError.swift; sourceTree = "<group>"; };
		95DB60A72A0A7010002A43B2 /* CompanyCard.swift */ = {isa = PBXFileReference; lastKnownFileType = sourcecode.swift; path = CompanyCard.swift; sourceTree = "<group>"; };
		95DB60AA2A0BB400002A43B2 /* CardCell.swift */ = {isa = PBXFileReference; lastKnownFileType = sourcecode.swift; path = CardCell.swift; sourceTree = "<group>"; };
		95DB60AC2A0BB42B002A43B2 /* UITableViewCell+Extension.swift */ = {isa = PBXFileReference; lastKnownFileType = sourcecode.swift; path = "UITableViewCell+Extension.swift"; sourceTree = "<group>"; };
		95DB60AE2A0BB897002A43B2 /* ListCompaniesPresenter.swift */ = {isa = PBXFileReference; lastKnownFileType = sourcecode.swift; path = ListCompaniesPresenter.swift; sourceTree = "<group>"; };
		95DB60B02A0BCD31002A43B2 /* TitleView.swift */ = {isa = PBXFileReference; lastKnownFileType = sourcecode.swift; path = TitleView.swift; sourceTree = "<group>"; };
		95DB60B22A0BCD51002A43B2 /* LoyaltyView.swift */ = {isa = PBXFileReference; lastKnownFileType = sourcecode.swift; path = LoyaltyView.swift; sourceTree = "<group>"; };
		95DB60B42A0BCDCB002A43B2 /* ActionView.swift */ = {isa = PBXFileReference; lastKnownFileType = sourcecode.swift; path = ActionView.swift; sourceTree = "<group>"; };
		95DB60B72A0BCFB7002A43B2 /* Layout.swift */ = {isa = PBXFileReference; lastKnownFileType = sourcecode.swift; path = Layout.swift; sourceTree = "<group>"; };
		95DB60B92A0CD9EF002A43B2 /* Font.swift */ = {isa = PBXFileReference; lastKnownFileType = sourcecode.swift; path = Font.swift; sourceTree = "<group>"; };
		95DB60BB2A0CE9CA002A43B2 /* AssetName.swift */ = {isa = PBXFileReference; lastKnownFileType = sourcecode.swift; path = AssetName.swift; sourceTree = "<group>"; };
		95DB60BD2A0D15CC002A43B2 /* UIView+Extension.swift */ = {isa = PBXFileReference; lastKnownFileType = sourcecode.swift; path = "UIView+Extension.swift"; sourceTree = "<group>"; };
		95DB60C02A0E097F002A43B2 /* ImageLoader.swift */ = {isa = PBXFileReference; lastKnownFileType = sourcecode.swift; path = ImageLoader.swift; sourceTree = "<group>"; };
		95DB60C32A0E1FA5002A43B2 /* ModuleBuilder.swift */ = {isa = PBXFileReference; lastKnownFileType = sourcecode.swift; path = ModuleBuilder.swift; sourceTree = "<group>"; };
		95DB60C52A0E3F8D002A43B2 /* String+Extension.swift */ = {isa = PBXFileReference; lastKnownFileType = sourcecode.swift; path = "String+Extension.swift"; sourceTree = "<group>"; };
		95F438162A10F19F006F3EC2 /* ErrorModel.swift */ = {isa = PBXFileReference; lastKnownFileType = sourcecode.swift; path = ErrorModel.swift; sourceTree = "<group>"; };
/* End PBXFileReference section */

/* Begin PBXFrameworksBuildPhase section */
		95DB607D2A0A26D2002A43B2 /* Frameworks */ = {
			isa = PBXFrameworksBuildPhase;
			buildActionMask = 2147483647;
			files = (
			);
			runOnlyForDeploymentPostprocessing = 0;
		};
/* End PBXFrameworksBuildPhase section */

/* Begin PBXGroup section */
		95C57BE22A15FFED003BB217 /* CardCell */ = {
			isa = PBXGroup;
			children = (
				95DB60AA2A0BB400002A43B2 /* CardCell.swift */,
				95DB60B02A0BCD31002A43B2 /* TitleView.swift */,
				95DB60B22A0BCD51002A43B2 /* LoyaltyView.swift */,
				95DB60B42A0BCDCB002A43B2 /* ActionView.swift */,
			);
			path = CardCell;
			sourceTree = "<group>";
		};
		95DB60772A0A26D2002A43B2 = {
			isa = PBXGroup;
			children = (
				95DB60822A0A26D2002A43B2 /* MobintTestTask */,
				95DB60812A0A26D2002A43B2 /* Products */,
			);
			sourceTree = "<group>";
		};
		95DB60812A0A26D2002A43B2 /* Products */ = {
			isa = PBXGroup;
			children = (
				95DB60802A0A26D2002A43B2 /* MobintTestTask.app */,
			);
			name = Products;
			sourceTree = "<group>";
		};
		95DB60822A0A26D2002A43B2 /* MobintTestTask */ = {
			isa = PBXGroup;
			children = (
				95DB60972A0A2758002A43B2 /* App */,
				95DB60C22A0E1F8E002A43B2 /* Builder */,
				95DB60A92A0BB3A3002A43B2 /* CustomView */,
				95DB60B62A0BCF91002A43B2 /* Constant */,
				95DB609F2A0A2888002A43B2 /* Extension */,
				95DB60BF2A0E096C002A43B2 /* Helper */,
				95DB60A62A0A6AEA002A43B2 /* Model */,
				95DB609A2A0A283B002A43B2 /* NetworkLayer */,
				95DB60982A0A276C002A43B2 /* Resource */,
				95DB60992A0A2815002A43B2 /* Screen */,
			);
			path = MobintTestTask;
			sourceTree = "<group>";
		};
		95DB60972A0A2758002A43B2 /* App */ = {
			isa = PBXGroup;
			children = (
				95DB60832A0A26D2002A43B2 /* AppDelegate.swift */,
				95DB60852A0A26D2002A43B2 /* SceneDelegate.swift */,
			);
			path = App;
			sourceTree = "<group>";
		};
		95DB60982A0A276C002A43B2 /* Resource */ = {
			isa = PBXGroup;
			children = (
				95DB60912A0A26D3002A43B2 /* Info.plist */,
				95DB60892A0A26D2002A43B2 /* Main.storyboard */,
				95DB608C2A0A26D3002A43B2 /* Assets.xcassets */,
				95DB608E2A0A26D3002A43B2 /* LaunchScreen.storyboard */,
			);
			path = Resource;
			sourceTree = "<group>";
		};
		95DB60992A0A2815002A43B2 /* Screen */ = {
			isa = PBXGroup;
			children = (
				95DB60872A0A26D2002A43B2 /* ListCompaniesView.swift */,
				95DB60AE2A0BB897002A43B2 /* ListCompaniesPresenter.swift */,
			);
			path = Screen;
			sourceTree = "<group>";
		};
		95DB609A2A0A283B002A43B2 /* NetworkLayer */ = {
			isa = PBXGroup;
			children = (
				95DB609B2A0A2859002A43B2 /* APIManager.swift */,
				95DB60A02A0A3447002A43B2 /* HTTPMethod.swift */,
				95DB60A42A0A5897002A43B2 /* NetworkError.swift */,
				95DB609D2A0A286A002A43B2 /* NetworkFetcher.swift */,
			);
			path = NetworkLayer;
			sourceTree = "<group>";
		};
		95DB609F2A0A2888002A43B2 /* Extension */ = {
			isa = PBXGroup;
			children = (
				95DB60C52A0E3F8D002A43B2 /* String+Extension.swift */,
				95DB60AC2A0BB42B002A43B2 /* UITableViewCell+Extension.swift */,
				95DB60BD2A0D15CC002A43B2 /* UIView+Extension.swift */,
				95C57BE02A15F535003BB217 /* UIViewController+Extension.swift */,
			);
			path = Extension;
			sourceTree = "<group>";
		};
		95DB60A62A0A6AEA002A43B2 /* Model */ = {
			isa = PBXGroup;
			children = (
				95DB60A72A0A7010002A43B2 /* CompanyCard.swift */,
				95F438162A10F19F006F3EC2 /* ErrorModel.swift */,
			);
			path = Model;
			sourceTree = "<group>";
		};
		95DB60A92A0BB3A3002A43B2 /* CustomView */ = {
			isa = PBXGroup;
			children = (
				95C57BE22A15FFED003BB217 /* CardCell */,
				95C57BE62A160883003BB217 /* LoadingHeaderFooterView.swift */,
			);
			path = CustomView;
			sourceTree = "<group>";
		};
		95DB60B62A0BCF91002A43B2 /* Constant */ = {
			isa = PBXGroup;
			children = (
				95DB60BB2A0CE9CA002A43B2 /* AssetName.swift */,
				95DB60B92A0CD9EF002A43B2 /* Font.swift */,
				95DB60B72A0BCFB7002A43B2 /* Layout.swift */,
			);
			path = Constant;
			sourceTree = "<group>";
		};
		95DB60BF2A0E096C002A43B2 /* Helper */ = {
			isa = PBXGroup;
			children = (
				95DB60C02A0E097F002A43B2 /* ImageLoader.swift */,
			);
			path = Helper;
			sourceTree = "<group>";
		};
		95DB60C22A0E1F8E002A43B2 /* Builder */ = {
			isa = PBXGroup;
			children = (
				95DB60C32A0E1FA5002A43B2 /* ModuleBuilder.swift */,
			);
			path = Builder;
			sourceTree = "<group>";
		};
/* End PBXGroup section */

/* Begin PBXNativeTarget section */
		95DB607F2A0A26D2002A43B2 /* MobintTestTask */ = {
			isa = PBXNativeTarget;
			buildConfigurationList = 95DB60942A0A26D3002A43B2 /* Build configuration list for PBXNativeTarget "MobintTestTask" */;
			buildPhases = (
				95DB607C2A0A26D2002A43B2 /* Sources */,
				95DB607D2A0A26D2002A43B2 /* Frameworks */,
				95DB607E2A0A26D2002A43B2 /* Resources */,
			);
			buildRules = (
			);
			dependencies = (
			);
			name = MobintTestTask;
			productName = MobintTestTask;
			productReference = 95DB60802A0A26D2002A43B2 /* MobintTestTask.app */;
			productType = "com.apple.product-type.application";
		};
/* End PBXNativeTarget section */

/* Begin PBXProject section */
		95DB60782A0A26D2002A43B2 /* Project object */ = {
			isa = PBXProject;
			attributes = {
				BuildIndependentTargetsInParallel = 1;
				LastSwiftUpdateCheck = 1420;
				LastUpgradeCheck = 1420;
				TargetAttributes = {
					95DB607F2A0A26D2002A43B2 = {
						CreatedOnToolsVersion = 14.2;
					};
				};
			};
			buildConfigurationList = 95DB607B2A0A26D2002A43B2 /* Build configuration list for PBXProject "MobintTestTask" */;
			compatibilityVersion = "Xcode 14.0";
			developmentRegion = en;
			hasScannedForEncodings = 0;
			knownRegions = (
				en,
				Base,
			);
			mainGroup = 95DB60772A0A26D2002A43B2;
			productRefGroup = 95DB60812A0A26D2002A43B2 /* Products */;
			projectDirPath = "";
			projectRoot = "";
			targets = (
				95DB607F2A0A26D2002A43B2 /* MobintTestTask */,
			);
		};
/* End PBXProject section */

/* Begin PBXResourcesBuildPhase section */
		95DB607E2A0A26D2002A43B2 /* Resources */ = {
			isa = PBXResourcesBuildPhase;
			buildActionMask = 2147483647;
			files = (
				95DB60902A0A26D3002A43B2 /* LaunchScreen.storyboard in Resources */,
				95DB608D2A0A26D3002A43B2 /* Assets.xcassets in Resources */,
				95DB608B2A0A26D2002A43B2 /* Main.storyboard in Resources */,
			);
			runOnlyForDeploymentPostprocessing = 0;
		};
/* End PBXResourcesBuildPhase section */

/* Begin PBXSourcesBuildPhase section */
		95DB607C2A0A26D2002A43B2 /* Sources */ = {
			isa = PBXSourcesBuildPhase;
			buildActionMask = 2147483647;
			files = (
				95C57BE12A15F535003BB217 /* UIViewController+Extension.swift in Sources */,
				95DB60B52A0BCDCB002A43B2 /* ActionView.swift in Sources */,
				95DB60BC2A0CE9CA002A43B2 /* AssetName.swift in Sources */,
				95DB60C12A0E097F002A43B2 /* ImageLoader.swift in Sources */,
				95DB60A82A0A7010002A43B2 /* CompanyCard.swift in Sources */,
				95DB60882A0A26D2002A43B2 /* ListCompaniesView.swift in Sources */,
				95DB60AF2A0BB897002A43B2 /* ListCompaniesPresenter.swift in Sources */,
				95DB60B32A0BCD51002A43B2 /* LoyaltyView.swift in Sources */,
				95DB60B82A0BCFB7002A43B2 /* Layout.swift in Sources */,
				95C57BE72A160883003BB217 /* LoadingHeaderFooterView.swift in Sources */,
				95F438172A10F19F006F3EC2 /* ErrorModel.swift in Sources */,
				95DB60842A0A26D2002A43B2 /* AppDelegate.swift in Sources */,
				95DB60A12A0A3447002A43B2 /* HTTPMethod.swift in Sources */,
				95DB609E2A0A286A002A43B2 /* NetworkFetcher.swift in Sources */,
				95DB60C42A0E1FA5002A43B2 /* ModuleBuilder.swift in Sources */,
				95DB60C62A0E3F8D002A43B2 /* String+Extension.swift in Sources */,
				95DB60AB2A0BB400002A43B2 /* CardCell.swift in Sources */,
				95DB60AD2A0BB42B002A43B2 /* UITableViewCell+Extension.swift in Sources */,
				95DB60BE2A0D15CC002A43B2 /* UIView+Extension.swift in Sources */,
				95DB60BA2A0CD9EF002A43B2 /* Font.swift in Sources */,
				95DB60A52A0A5897002A43B2 /* NetworkError.swift in Sources */,
				95DB609C2A0A2859002A43B2 /* APIManager.swift in Sources */,
				95DB60B12A0BCD31002A43B2 /* TitleView.swift in Sources */,
				95DB60862A0A26D2002A43B2 /* SceneDelegate.swift in Sources */,
			);
			runOnlyForDeploymentPostprocessing = 0;
		};
/* End PBXSourcesBuildPhase section */

/* Begin PBXVariantGroup section */
		95DB60892A0A26D2002A43B2 /* Main.storyboard */ = {
			isa = PBXVariantGroup;
			children = (
				95DB608A2A0A26D2002A43B2 /* Base */,
			);
			name = Main.storyboard;
			sourceTree = "<group>";
		};
		95DB608E2A0A26D3002A43B2 /* LaunchScreen.storyboard */ = {
			isa = PBXVariantGroup;
			children = (
				95DB608F2A0A26D3002A43B2 /* Base */,
			);
			name = LaunchScreen.storyboard;
			sourceTree = "<group>";
		};
/* End PBXVariantGroup section */

/* Begin XCBuildConfiguration section */
		95DB60922A0A26D3002A43B2 /* Debug */ = {
			isa = XCBuildConfiguration;
			buildSettings = {
				ALWAYS_SEARCH_USER_PATHS = NO;
				CLANG_ANALYZER_NONNULL = YES;
				CLANG_ANALYZER_NUMBER_OBJECT_CONVERSION = YES_AGGRESSIVE;
				CLANG_CXX_LANGUAGE_STANDARD = "gnu++20";
				CLANG_ENABLE_MODULES = YES;
				CLANG_ENABLE_OBJC_ARC = YES;
				CLANG_ENABLE_OBJC_WEAK = YES;
				CLANG_WARN_BLOCK_CAPTURE_AUTORELEASING = YES;
				CLANG_WARN_BOOL_CONVERSION = YES;
				CLANG_WARN_COMMA = YES;
				CLANG_WARN_CONSTANT_CONVERSION = YES;
				CLANG_WARN_DEPRECATED_OBJC_IMPLEMENTATIONS = YES;
				CLANG_WARN_DIRECT_OBJC_ISA_USAGE = YES_ERROR;
				CLANG_WARN_DOCUMENTATION_COMMENTS = YES;
				CLANG_WARN_EMPTY_BODY = YES;
				CLANG_WARN_ENUM_CONVERSION = YES;
				CLANG_WARN_INFINITE_RECURSION = YES;
				CLANG_WARN_INT_CONVERSION = YES;
				CLANG_WARN_NON_LITERAL_NULL_CONVERSION = YES;
				CLANG_WARN_OBJC_IMPLICIT_RETAIN_SELF = YES;
				CLANG_WARN_OBJC_LITERAL_CONVERSION = YES;
				CLANG_WARN_OBJC_ROOT_CLASS = YES_ERROR;
				CLANG_WARN_QUOTED_INCLUDE_IN_FRAMEWORK_HEADER = YES;
				CLANG_WARN_RANGE_LOOP_ANALYSIS = YES;
				CLANG_WARN_STRICT_PROTOTYPES = YES;
				CLANG_WARN_SUSPICIOUS_MOVE = YES;
				CLANG_WARN_UNGUARDED_AVAILABILITY = YES_AGGRESSIVE;
				CLANG_WARN_UNREACHABLE_CODE = YES;
				CLANG_WARN__DUPLICATE_METHOD_MATCH = YES;
				COPY_PHASE_STRIP = NO;
				DEBUG_INFORMATION_FORMAT = dwarf;
				ENABLE_STRICT_OBJC_MSGSEND = YES;
				ENABLE_TESTABILITY = YES;
				GCC_C_LANGUAGE_STANDARD = gnu11;
				GCC_DYNAMIC_NO_PIC = NO;
				GCC_NO_COMMON_BLOCKS = YES;
				GCC_OPTIMIZATION_LEVEL = 0;
				GCC_PREPROCESSOR_DEFINITIONS = (
					"DEBUG=1",
					"$(inherited)",
				);
				GCC_WARN_64_TO_32_BIT_CONVERSION = YES;
				GCC_WARN_ABOUT_RETURN_TYPE = YES_ERROR;
				GCC_WARN_UNDECLARED_SELECTOR = YES;
				GCC_WARN_UNINITIALIZED_AUTOS = YES_AGGRESSIVE;
				GCC_WARN_UNUSED_FUNCTION = YES;
				GCC_WARN_UNUSED_VARIABLE = YES;
				IPHONEOS_DEPLOYMENT_TARGET = 14.0;
				MTL_ENABLE_DEBUG_INFO = INCLUDE_SOURCE;
				MTL_FAST_MATH = YES;
				ONLY_ACTIVE_ARCH = YES;
				SDKROOT = iphoneos;
				SWIFT_ACTIVE_COMPILATION_CONDITIONS = DEBUG;
				SWIFT_OPTIMIZATION_LEVEL = "-Onone";
			};
			name = Debug;
		};
		95DB60932A0A26D3002A43B2 /* Release */ = {
			isa = XCBuildConfiguration;
			buildSettings = {
				ALWAYS_SEARCH_USER_PATHS = NO;
				CLANG_ANALYZER_NONNULL = YES;
				CLANG_ANALYZER_NUMBER_OBJECT_CONVERSION = YES_AGGRESSIVE;
				CLANG_CXX_LANGUAGE_STANDARD = "gnu++20";
				CLANG_ENABLE_MODULES = YES;
				CLANG_ENABLE_OBJC_ARC = YES;
				CLANG_ENABLE_OBJC_WEAK = YES;
				CLANG_WARN_BLOCK_CAPTURE_AUTORELEASING = YES;
				CLANG_WARN_BOOL_CONVERSION = YES;
				CLANG_WARN_COMMA = YES;
				CLANG_WARN_CONSTANT_CONVERSION = YES;
				CLANG_WARN_DEPRECATED_OBJC_IMPLEMENTATIONS = YES;
				CLANG_WARN_DIRECT_OBJC_ISA_USAGE = YES_ERROR;
				CLANG_WARN_DOCUMENTATION_COMMENTS = YES;
				CLANG_WARN_EMPTY_BODY = YES;
				CLANG_WARN_ENUM_CONVERSION = YES;
				CLANG_WARN_INFINITE_RECURSION = YES;
				CLANG_WARN_INT_CONVERSION = YES;
				CLANG_WARN_NON_LITERAL_NULL_CONVERSION = YES;
				CLANG_WARN_OBJC_IMPLICIT_RETAIN_SELF = YES;
				CLANG_WARN_OBJC_LITERAL_CONVERSION = YES;
				CLANG_WARN_OBJC_ROOT_CLASS = YES_ERROR;
				CLANG_WARN_QUOTED_INCLUDE_IN_FRAMEWORK_HEADER = YES;
				CLANG_WARN_RANGE_LOOP_ANALYSIS = YES;
				CLANG_WARN_STRICT_PROTOTYPES = YES;
				CLANG_WARN_SUSPICIOUS_MOVE = YES;
				CLANG_WARN_UNGUARDED_AVAILABILITY = YES_AGGRESSIVE;
				CLANG_WARN_UNREACHABLE_CODE = YES;
				CLANG_WARN__DUPLICATE_METHOD_MATCH = YES;
				COPY_PHASE_STRIP = NO;
				DEBUG_INFORMATION_FORMAT = "dwarf-with-dsym";
				ENABLE_NS_ASSERTIONS = NO;
				ENABLE_STRICT_OBJC_MSGSEND = YES;
				GCC_C_LANGUAGE_STANDARD = gnu11;
				GCC_NO_COMMON_BLOCKS = YES;
				GCC_WARN_64_TO_32_BIT_CONVERSION = YES;
				GCC_WARN_ABOUT_RETURN_TYPE = YES_ERROR;
				GCC_WARN_UNDECLARED_SELECTOR = YES;
				GCC_WARN_UNINITIALIZED_AUTOS = YES_AGGRESSIVE;
				GCC_WARN_UNUSED_FUNCTION = YES;
				GCC_WARN_UNUSED_VARIABLE = YES;
				IPHONEOS_DEPLOYMENT_TARGET = 14.0;
				MTL_ENABLE_DEBUG_INFO = NO;
				MTL_FAST_MATH = YES;
				SDKROOT = iphoneos;
				SWIFT_COMPILATION_MODE = wholemodule;
				SWIFT_OPTIMIZATION_LEVEL = "-O";
				VALIDATE_PRODUCT = YES;
			};
			name = Release;
		};
		95DB60952A0A26D3002A43B2 /* Debug */ = {
			isa = XCBuildConfiguration;
			buildSettings = {
				ASSETCATALOG_COMPILER_APPICON_NAME = AppIcon;
				ASSETCATALOG_COMPILER_GLOBAL_ACCENT_COLOR_NAME = AccentColor;
				CODE_SIGN_STYLE = Automatic;
				CURRENT_PROJECT_VERSION = 1;
				DEVELOPMENT_TEAM = 9JR25TA593;
				GENERATE_INFOPLIST_FILE = YES;
				INFOPLIST_FILE = MobintTestTask/Resource/Info.plist;
				INFOPLIST_KEY_UIApplicationSupportsIndirectInputEvents = YES;
				INFOPLIST_KEY_UILaunchStoryboardName = LaunchScreen;
				INFOPLIST_KEY_UISupportedInterfaceOrientations_iPad = "UIInterfaceOrientationPortrait UIInterfaceOrientationPortraitUpsideDown UIInterfaceOrientationLandscapeLeft UIInterfaceOrientationLandscapeRight";
				INFOPLIST_KEY_UISupportedInterfaceOrientations_iPhone = "UIInterfaceOrientationPortrait UIInterfaceOrientationLandscapeLeft UIInterfaceOrientationLandscapeRight";
				IPHONEOS_DEPLOYMENT_TARGET = 14.0;
				LD_RUNPATH_SEARCH_PATHS = (
					"$(inherited)",
					"@executable_path/Frameworks",
				);
				MARKETING_VERSION = 1.0;
				PRODUCT_BUNDLE_IDENTIFIER = com.apps.MobintTestTask;
				PRODUCT_NAME = "$(TARGET_NAME)";
				SWIFT_EMIT_LOC_STRINGS = YES;
				SWIFT_VERSION = 5.0;
				TARGETED_DEVICE_FAMILY = "1,2";
			};
			name = Debug;
		};
		95DB60962A0A26D3002A43B2 /* Release */ = {
			isa = XCBuildConfiguration;
			buildSettings = {
				ASSETCATALOG_COMPILER_APPICON_NAME = AppIcon;
				ASSETCATALOG_COMPILER_GLOBAL_ACCENT_COLOR_NAME = AccentColor;
				CODE_SIGN_STYLE = Automatic;
				CURRENT_PROJECT_VERSION = 1;
				DEVELOPMENT_TEAM = 9JR25TA593;
				GENERATE_INFOPLIST_FILE = YES;
				INFOPLIST_FILE = MobintTestTask/Resource/Info.plist;
				INFOPLIST_KEY_UIApplicationSupportsIndirectInputEvents = YES;
				INFOPLIST_KEY_UILaunchStoryboardName = LaunchScreen;
				INFOPLIST_KEY_UISupportedInterfaceOrientations_iPad = "UIInterfaceOrientationPortrait UIInterfaceOrientationPortraitUpsideDown UIInterfaceOrientationLandscapeLeft UIInterfaceOrientationLandscapeRight";
				INFOPLIST_KEY_UISupportedInterfaceOrientations_iPhone = "UIInterfaceOrientationPortrait UIInterfaceOrientationLandscapeLeft UIInterfaceOrientationLandscapeRight";
				IPHONEOS_DEPLOYMENT_TARGET = 14.0;
				LD_RUNPATH_SEARCH_PATHS = (
					"$(inherited)",
					"@executable_path/Frameworks",
				);
				MARKETING_VERSION = 1.0;
				PRODUCT_BUNDLE_IDENTIFIER = com.apps.MobintTestTask;
				PRODUCT_NAME = "$(TARGET_NAME)";
				SWIFT_EMIT_LOC_STRINGS = YES;
				SWIFT_VERSION = 5.0;
				TARGETED_DEVICE_FAMILY = "1,2";
			};
			name = Release;
		};
/* End XCBuildConfiguration section */

/* Begin XCConfigurationList section */
		95DB607B2A0A26D2002A43B2 /* Build configuration list for PBXProject "MobintTestTask" */ = {
			isa = XCConfigurationList;
			buildConfigurations = (
				95DB60922A0A26D3002A43B2 /* Debug */,
				95DB60932A0A26D3002A43B2 /* Release */,
			);
			defaultConfigurationIsVisible = 0;
			defaultConfigurationName = Release;
		};
		95DB60942A0A26D3002A43B2 /* Build configuration list for PBXNativeTarget "MobintTestTask" */ = {
			isa = XCConfigurationList;
			buildConfigurations = (
				95DB60952A0A26D3002A43B2 /* Debug */,
				95DB60962A0A26D3002A43B2 /* Release */,
			);
			defaultConfigurationIsVisible = 0;
			defaultConfigurationName = Release;
		};
/* End XCConfigurationList section */
	};
	rootObject = 95DB60782A0A26D2002A43B2 /* Project object */;
}
